lockfileVersion: '6.0'

settings:
  autoInstallPeers: true
  excludeLinksFromLockfile: false

importers:

  .: {}

  packages/app: {}

  packages/button: {}

  packages/components:
    devDependencies:
      '@component-type-checker/button':
        specifier: 0.0.2
        version: link:../button

  packages/sdk:
    dependencies:
      '@component-type-checker/button':
        specifier: 0.0.1
        version: 0.0.1
      '@component-type-checker/components':
        specifier: 0.0.1
        version: link:../components

packages:

  /@component-type-checker/button@0.0.1:
    resolution: {integrity: sha512-P6ItmuandMG403AuRspB/xX4Wh3QCsoXYQ/uF5kxdt4RUlbyWXzoq4HF2O/bOzMeXyHizvrra72mjQb7UfGprA==}
    dev: false
